
Microsoft Visual Studio Solution File, Format Version 12.00
# Visual Studio Version 16
VisualStudioVersion = 16.0.32901.82
MinimumVisualStudioVersion = 10.0.40219.1
Project("{8BC9CEB8-8B4A-11D0-8D11-00A0C91BC942}") = "Preprocessor_and_Debugger", "Preprocessor_and_Debugger.vcxproj", "{3CDF4179-EE52-4986-BBEA-64CCCA6656A6}"
EndProject
Global
	GlobalSection(SolutionConfigurationPlatforms) = preSolution
		Debug|x64 = Debug|x64
		Debug|x86 = Debug|x86
		Release|x64 = Release|x64
		Release|x86 = Release|x86
	EndGlobalSection
	GlobalSection(ProjectConfigurationPlatforms) = postSolution
		{3CDF4179-EE52-4986-BBEA-64CCCA6656A6}.Debug|x64.ActiveCfg = Debug|x64
		{3CDF4179-EE52-4986-BBEA-64CCCA6656A6}.Debug|x64.Build.0 = Debug|x64
		{3CDF4179-EE52-4986-BBEA-64CCCA6656A6}.Debug|x86.ActiveCfg = Debug|Win32
		{3CDF4179-EE52-4986-BBEA-64CCCA6656A6}.Debug|x86.Build.0 = Debug|Win32
		{3CDF4179-EE52-4986-BBEA-64CCCA6656A6}.Release|x64.ActiveCfg = Release|x64
		{3CDF4179-EE52-4986-BBEA-64CCCA6656A6}.Release|x64.Build.0 = Release|x64
		{3CDF4179-EE52-4986-BBEA-64CCCA6656A6}.Release|x86.ActiveCfg = Release|Win32
		{3CDF4179-EE52-4986-BBEA-64CCCA6656A6}.Release|x86.Build.0 = Release|Win32
	EndGlobalSection
	GlobalSection(SolutionProperties) = preSolution
		HideSolutionNode = FALSE
	EndGlobalSection
	GlobalSection(ExtensibilityGlobals) = postSolution
		SolutionGuid = {77A80433-23DF-4EC9-96BA-71805DA2164C}
	EndGlobalSection
EndGlobal
